packages:
  - name: dbt_utils
    package: dbt-labs/dbt_utils
    version: 1.3.0
  - name: codegen
    package: dbt-labs/codegen
    version: 0.13.1
  - name: dbt_project_evaluator
    package: dbt-labs/dbt_project_evaluator
    version: 0.10.0
  - name: audit_helper
    package: dbt-labs/audit_helper
    version: 0.11.0
sha1_hash: 2f136c706fc1ffff44db6fc4213710106d320f7c
